
Microsoft Visual Studio Solution File, Format Version 12.00
# Visual Studio 14
VisualStudioVersion = 14.0.25123.0
MinimumVisualStudioVersion = 10.0.40219.1
Project("{FAE04EC0-301F-11D3-BF4B-00C04F79EFBC}") = "IndividualConsultationTool.Tests", "IndividualConsultationTool.Tests\IndividualConsultationTool.Tests.csproj", "{9F20BE70-A690-462E-B6BA-4FD686FFD0C0}"
EndProject
Project("{FAE04EC0-301F-11D3-BF4B-00C04F79EFBC}") = "IndividualConsultationTool.Common", "IndividualConsultationTool.Common\IndividualConsultationTool.Common.csproj", "{E9044F20-6487-43B6-97E8-51CD6EE4A497}"
EndProject
Project("{FAE04EC0-301F-11D3-BF4B-00C04F79EFBC}") = "IndividualConsultationTool.Repository", "IndividualConsultationTool.Repository\IndividualConsultationTool.Repository.csproj", "{D2F362A4-C074-4BF9-B7C0-D3D71BF967FE}"
EndProject
Project("{FAE04EC0-301F-11D3-BF4B-00C04F79EFBC}") = "IndividualConsultationTool.BIL", "IndividualConsultationTool.BIL\IndividualConsultationTool.BIL.csproj", "{9B55374A-D717-4DB9-BE05-6B98D9C00978}"
EndProject
Project("{FAE04EC0-301F-11D3-BF4B-00C04F79EFBC}") = "IndividualConsultationTool.Presentation", "IndividualConsultationTool.Presentation\IndividualConsultationTool.Presentation.csproj", "{36584AE6-10C9-4019-B95E-7C793A179A64}"
EndProject
Global
	GlobalSection(SolutionConfigurationPlatforms) = preSolution
		Debug|Any CPU = Debug|Any CPU
		Release|Any CPU = Release|Any CPU
	EndGlobalSection
	GlobalSection(ProjectConfigurationPlatforms) = postSolution
		{9F20BE70-A690-462E-B6BA-4FD686FFD0C0}.Debug|Any CPU.ActiveCfg = Debug|Any CPU
		{9F20BE70-A690-462E-B6BA-4FD686FFD0C0}.Debug|Any CPU.Build.0 = Debug|Any CPU
		{9F20BE70-A690-462E-B6BA-4FD686FFD0C0}.Release|Any CPU.ActiveCfg = Release|Any CPU
		{9F20BE70-A690-462E-B6BA-4FD686FFD0C0}.Release|Any CPU.Build.0 = Release|Any CPU
		{E9044F20-6487-43B6-97E8-51CD6EE4A497}.Debug|Any CPU.ActiveCfg = Debug|Any CPU
		{E9044F20-6487-43B6-97E8-51CD6EE4A497}.Debug|Any CPU.Build.0 = Debug|Any CPU
		{E9044F20-6487-43B6-97E8-51CD6EE4A497}.Release|Any CPU.ActiveCfg = Release|Any CPU
		{E9044F20-6487-43B6-97E8-51CD6EE4A497}.Release|Any CPU.Build.0 = Release|Any CPU
		{D2F362A4-C074-4BF9-B7C0-D3D71BF967FE}.Debug|Any CPU.ActiveCfg = Debug|Any CPU
		{D2F362A4-C074-4BF9-B7C0-D3D71BF967FE}.Debug|Any CPU.Build.0 = Debug|Any CPU
		{D2F362A4-C074-4BF9-B7C0-D3D71BF967FE}.Release|Any CPU.ActiveCfg = Release|Any CPU
		{D2F362A4-C074-4BF9-B7C0-D3D71BF967FE}.Release|Any CPU.Build.0 = Release|Any CPU
		{9B55374A-D717-4DB9-BE05-6B98D9C00978}.Debug|Any CPU.ActiveCfg = Debug|Any CPU
		{9B55374A-D717-4DB9-BE05-6B98D9C00978}.Debug|Any CPU.Build.0 = Debug|Any CPU
		{9B55374A-D717-4DB9-BE05-6B98D9C00978}.Release|Any CPU.ActiveCfg = Release|Any CPU
		{9B55374A-D717-4DB9-BE05-6B98D9C00978}.Release|Any CPU.Build.0 = Release|Any CPU
		{36584AE6-10C9-4019-B95E-7C793A179A64}.Debug|Any CPU.ActiveCfg = Debug|Any CPU
		{36584AE6-10C9-4019-B95E-7C793A179A64}.Debug|Any CPU.Build.0 = Debug|Any CPU
		{36584AE6-10C9-4019-B95E-7C793A179A64}.Release|Any CPU.ActiveCfg = Release|Any CPU
		{36584AE6-10C9-4019-B95E-7C793A179A64}.Release|Any CPU.Build.0 = Release|Any CPU
	EndGlobalSection
	GlobalSection(SolutionProperties) = preSolution
		HideSolutionNode = FALSE
	EndGlobalSection
EndGlobal
